
Microsoft Visual Studio Solution File, Format Version 12.00
# Visual Studio 15
VisualStudioVersion = 15.0.26124.0
MinimumVisualStudioVersion = 15.0.26124.0
Project("{9A19103F-16F7-4668-BE54-9A1E7A4F7556}") = "RetroDb.Repo.Tests", "Tests\RetroDb.Repo.Tests\RetroDb.Repo.Tests.csproj", "{07C2F85C-4B32-4C47-9C28-1ED0CA21AA9E}"
EndProject
Project("{9A19103F-16F7-4668-BE54-9A1E7A4F7556}") = "RetroDb.DataSqlite", "Data\RetroDb.DataSqlite\RetroDb.DataSqlite.csproj", "{A141B84B-D84B-4E0F-8AB8-F51B07EDFBFF}"
EndProject
Project("{2150E333-8FDC-42A3-9474-1A3956D46DE8}") = "Data", "Data", "{ACB97491-6BA8-4E11-AA78-291AB78E06FE}"
EndProject
Project("{2150E333-8FDC-42A3-9474-1A3956D46DE8}") = "Bll", "Bll", "{25A45B4B-7D22-42BA-A2AE-FB1D70D10B27}"
EndProject
Project("{9A19103F-16F7-4668-BE54-9A1E7A4F7556}") = "RetroDb.Engine.Tests", "Tests\RetroDb.Engine.Tests\RetroDb.Engine.Tests.csproj", "{5F9E2A24-9E11-4B4C-A073-A5CD7083F9C2}"
EndProject
Project("{2150E333-8FDC-42A3-9474-1A3956D46DE8}") = "Import", "Import", "{4231C721-E0C3-45FF-BBBE-59971BC3D029}"
EndProject
Project("{9A19103F-16F7-4668-BE54-9A1E7A4F7556}") = "RetroDbImporter.Console", "User\RetroDbImporter.Console\RetroDbImporter.Console.csproj", "{4BCF27B0-0F99-4FBA-A268-B44EE6AE3D5E}"
EndProject
Project("{9A19103F-16F7-4668-BE54-9A1E7A4F7556}") = "RetroDbBlaze.App", "User\RetroDbBlaze\RetroDbBlaze.App\RetroDbBlaze.App.csproj", "{D9D8036D-C6E3-472A-9CF5-8DC423140662}"
EndProject
Project("{9A19103F-16F7-4668-BE54-9A1E7A4F7556}") = "RetroDbBlaze.Server", "User\RetroDbBlaze\RetroDbBlaze.Server\RetroDbBlaze.Server.csproj", "{EB972D9A-808E-4AC2-B1B5-48DE37DEFA09}"
EndProject
Project("{9A19103F-16F7-4668-BE54-9A1E7A4F7556}") = "RetroDb.Data", "Data\RetroDb.Data\RetroDb.Data.csproj", "{DF28CCDA-D44D-4BF9-B149-5CA73777C7C7}"
EndProject
Project("{2150E333-8FDC-42A3-9474-1A3956D46DE8}") = "Tests", "Tests", "{F3823141-ACB7-41D3-BF4D-46F5DE329C3D}"
EndProject
Project("{9A19103F-16F7-4668-BE54-9A1E7A4F7556}") = "RetroDb.Engine", "Bll\RetroDb.Engine\RetroDb.Engine.csproj", "{8DF4F99D-727F-47EA-8486-07980190C699}"
EndProject
Project("{9A19103F-16F7-4668-BE54-9A1E7A4F7556}") = "RetroDb.Repo", "Bll\RetroDb.Repo\RetroDb.Repo.csproj", "{7E2EED9B-5C67-4E78-BD92-9AF36D85F9FF}"
EndProject
Project("{2150E333-8FDC-42A3-9474-1A3956D46DE8}") = "Web", "Web", "{30CFD6BA-6400-4AB7-ABEE-9E7041526981}"
EndProject
Global
	GlobalSection(SolutionConfigurationPlatforms) = preSolution
		Debug|Any CPU = Debug|Any CPU
		Debug|x64 = Debug|x64
		Debug|x86 = Debug|x86
		Release|Any CPU = Release|Any CPU
		Release|x64 = Release|x64
		Release|x86 = Release|x86
	EndGlobalSection
	GlobalSection(ProjectConfigurationPlatforms) = postSolution
		{07C2F85C-4B32-4C47-9C28-1ED0CA21AA9E}.Debug|Any CPU.ActiveCfg = Debug|Any CPU
		{07C2F85C-4B32-4C47-9C28-1ED0CA21AA9E}.Debug|Any CPU.Build.0 = Debug|Any CPU
		{07C2F85C-4B32-4C47-9C28-1ED0CA21AA9E}.Debug|x64.ActiveCfg = Debug|Any CPU
		{07C2F85C-4B32-4C47-9C28-1ED0CA21AA9E}.Debug|x64.Build.0 = Debug|Any CPU
		{07C2F85C-4B32-4C47-9C28-1ED0CA21AA9E}.Debug|x86.ActiveCfg = Debug|Any CPU
		{07C2F85C-4B32-4C47-9C28-1ED0CA21AA9E}.Debug|x86.Build.0 = Debug|Any CPU
		{07C2F85C-4B32-4C47-9C28-1ED0CA21AA9E}.Release|Any CPU.ActiveCfg = Release|Any CPU
		{07C2F85C-4B32-4C47-9C28-1ED0CA21AA9E}.Release|Any CPU.Build.0 = Release|Any CPU
		{07C2F85C-4B32-4C47-9C28-1ED0CA21AA9E}.Release|x64.ActiveCfg = Release|Any CPU
		{07C2F85C-4B32-4C47-9C28-1ED0CA21AA9E}.Release|x64.Build.0 = Release|Any CPU
		{07C2F85C-4B32-4C47-9C28-1ED0CA21AA9E}.Release|x86.ActiveCfg = Release|Any CPU
		{07C2F85C-4B32-4C47-9C28-1ED0CA21AA9E}.Release|x86.Build.0 = Release|Any CPU
		{A141B84B-D84B-4E0F-8AB8-F51B07EDFBFF}.Debug|Any CPU.ActiveCfg = Debug|Any CPU
		{A141B84B-D84B-4E0F-8AB8-F51B07EDFBFF}.Debug|Any CPU.Build.0 = Debug|Any CPU
		{A141B84B-D84B-4E0F-8AB8-F51B07EDFBFF}.Debug|x64.ActiveCfg = Debug|Any CPU
		{A141B84B-D84B-4E0F-8AB8-F51B07EDFBFF}.Debug|x64.Build.0 = Debug|Any CPU
		{A141B84B-D84B-4E0F-8AB8-F51B07EDFBFF}.Debug|x86.ActiveCfg = Debug|Any CPU
		{A141B84B-D84B-4E0F-8AB8-F51B07EDFBFF}.Debug|x86.Build.0 = Debug|Any CPU
		{A141B84B-D84B-4E0F-8AB8-F51B07EDFBFF}.Release|Any CPU.ActiveCfg = Release|Any CPU
		{A141B84B-D84B-4E0F-8AB8-F51B07EDFBFF}.Release|Any CPU.Build.0 = Release|Any CPU
		{A141B84B-D84B-4E0F-8AB8-F51B07EDFBFF}.Release|x64.ActiveCfg = Release|Any CPU
		{A141B84B-D84B-4E0F-8AB8-F51B07EDFBFF}.Release|x64.Build.0 = Release|Any CPU
		{A141B84B-D84B-4E0F-8AB8-F51B07EDFBFF}.Release|x86.ActiveCfg = Release|Any CPU
		{A141B84B-D84B-4E0F-8AB8-F51B07EDFBFF}.Release|x86.Build.0 = Release|Any CPU
		{5F9E2A24-9E11-4B4C-A073-A5CD7083F9C2}.Debug|Any CPU.ActiveCfg = Debug|Any CPU
		{5F9E2A24-9E11-4B4C-A073-A5CD7083F9C2}.Debug|Any CPU.Build.0 = Debug|Any CPU
		{5F9E2A24-9E11-4B4C-A073-A5CD7083F9C2}.Debug|x64.ActiveCfg = Debug|Any CPU
		{5F9E2A24-9E11-4B4C-A073-A5CD7083F9C2}.Debug|x64.Build.0 = Debug|Any CPU
		{5F9E2A24-9E11-4B4C-A073-A5CD7083F9C2}.Debug|x86.ActiveCfg = Debug|Any CPU
		{5F9E2A24-9E11-4B4C-A073-A5CD7083F9C2}.Debug|x86.Build.0 = Debug|Any CPU
		{5F9E2A24-9E11-4B4C-A073-A5CD7083F9C2}.Release|Any CPU.ActiveCfg = Release|Any CPU
		{5F9E2A24-9E11-4B4C-A073-A5CD7083F9C2}.Release|Any CPU.Build.0 = Release|Any CPU
		{5F9E2A24-9E11-4B4C-A073-A5CD7083F9C2}.Release|x64.ActiveCfg = Release|Any CPU
		{5F9E2A24-9E11-4B4C-A073-A5CD7083F9C2}.Release|x64.Build.0 = Release|Any CPU
		{5F9E2A24-9E11-4B4C-A073-A5CD7083F9C2}.Release|x86.ActiveCfg = Release|Any CPU
		{5F9E2A24-9E11-4B4C-A073-A5CD7083F9C2}.Release|x86.Build.0 = Release|Any CPU
		{4BCF27B0-0F99-4FBA-A268-B44EE6AE3D5E}.Debug|Any CPU.ActiveCfg = Debug|Any CPU
		{4BCF27B0-0F99-4FBA-A268-B44EE6AE3D5E}.Debug|Any CPU.Build.0 = Debug|Any CPU
		{4BCF27B0-0F99-4FBA-A268-B44EE6AE3D5E}.Debug|x64.ActiveCfg = Debug|Any CPU
		{4BCF27B0-0F99-4FBA-A268-B44EE6AE3D5E}.Debug|x64.Build.0 = Debug|Any CPU
		{4BCF27B0-0F99-4FBA-A268-B44EE6AE3D5E}.Debug|x86.ActiveCfg = Debug|Any CPU
		{4BCF27B0-0F99-4FBA-A268-B44EE6AE3D5E}.Debug|x86.Build.0 = Debug|Any CPU
		{4BCF27B0-0F99-4FBA-A268-B44EE6AE3D5E}.Release|Any CPU.ActiveCfg = Release|Any CPU
		{4BCF27B0-0F99-4FBA-A268-B44EE6AE3D5E}.Release|Any CPU.Build.0 = Release|Any CPU
		{4BCF27B0-0F99-4FBA-A268-B44EE6AE3D5E}.Release|x64.ActiveCfg = Release|Any CPU
		{4BCF27B0-0F99-4FBA-A268-B44EE6AE3D5E}.Release|x64.Build.0 = Release|Any CPU
		{4BCF27B0-0F99-4FBA-A268-B44EE6AE3D5E}.Release|x86.ActiveCfg = Release|Any CPU
		{4BCF27B0-0F99-4FBA-A268-B44EE6AE3D5E}.Release|x86.Build.0 = Release|Any CPU
		{D9D8036D-C6E3-472A-9CF5-8DC423140662}.Debug|Any CPU.ActiveCfg = Debug|Any CPU
		{D9D8036D-C6E3-472A-9CF5-8DC423140662}.Debug|Any CPU.Build.0 = Debug|Any CPU
		{D9D8036D-C6E3-472A-9CF5-8DC423140662}.Debug|x64.ActiveCfg = Debug|Any CPU
		{D9D8036D-C6E3-472A-9CF5-8DC423140662}.Debug|x64.Build.0 = Debug|Any CPU
		{D9D8036D-C6E3-472A-9CF5-8DC423140662}.Debug|x86.ActiveCfg = Debug|Any CPU
		{D9D8036D-C6E3-472A-9CF5-8DC423140662}.Debug|x86.Build.0 = Debug|Any CPU
		{D9D8036D-C6E3-472A-9CF5-8DC423140662}.Release|Any CPU.ActiveCfg = Release|Any CPU
		{D9D8036D-C6E3-472A-9CF5-8DC423140662}.Release|Any CPU.Build.0 = Release|Any CPU
		{D9D8036D-C6E3-472A-9CF5-8DC423140662}.Release|x64.ActiveCfg = Release|Any CPU
		{D9D8036D-C6E3-472A-9CF5-8DC423140662}.Release|x64.Build.0 = Release|Any CPU
		{D9D8036D-C6E3-472A-9CF5-8DC423140662}.Release|x86.ActiveCfg = Release|Any CPU
		{D9D8036D-C6E3-472A-9CF5-8DC423140662}.Release|x86.Build.0 = Release|Any CPU
		{EB972D9A-808E-4AC2-B1B5-48DE37DEFA09}.Debug|Any CPU.ActiveCfg = Debug|Any CPU
		{EB972D9A-808E-4AC2-B1B5-48DE37DEFA09}.Debug|Any CPU.Build.0 = Debug|Any CPU
		{EB972D9A-808E-4AC2-B1B5-48DE37DEFA09}.Debug|x64.ActiveCfg = Debug|Any CPU
		{EB972D9A-808E-4AC2-B1B5-48DE37DEFA09}.Debug|x64.Build.0 = Debug|Any CPU
		{EB972D9A-808E-4AC2-B1B5-48DE37DEFA09}.Debug|x86.ActiveCfg = Debug|Any CPU
		{EB972D9A-808E-4AC2-B1B5-48DE37DEFA09}.Debug|x86.Build.0 = Debug|Any CPU
		{EB972D9A-808E-4AC2-B1B5-48DE37DEFA09}.Release|Any CPU.ActiveCfg = Release|Any CPU
		{EB972D9A-808E-4AC2-B1B5-48DE37DEFA09}.Release|Any CPU.Build.0 = Release|Any CPU
		{EB972D9A-808E-4AC2-B1B5-48DE37DEFA09}.Release|x64.ActiveCfg = Release|Any CPU
		{EB972D9A-808E-4AC2-B1B5-48DE37DEFA09}.Release|x64.Build.0 = Release|Any CPU
		{EB972D9A-808E-4AC2-B1B5-48DE37DEFA09}.Release|x86.ActiveCfg = Release|Any CPU
		{EB972D9A-808E-4AC2-B1B5-48DE37DEFA09}.Release|x86.Build.0 = Release|Any CPU
		{DF28CCDA-D44D-4BF9-B149-5CA73777C7C7}.Debug|Any CPU.ActiveCfg = Debug|Any CPU
		{DF28CCDA-D44D-4BF9-B149-5CA73777C7C7}.Debug|Any CPU.Build.0 = Debug|Any CPU
		{DF28CCDA-D44D-4BF9-B149-5CA73777C7C7}.Debug|x64.ActiveCfg = Debug|Any CPU
		{DF28CCDA-D44D-4BF9-B149-5CA73777C7C7}.Debug|x64.Build.0 = Debug|Any CPU
		{DF28CCDA-D44D-4BF9-B149-5CA73777C7C7}.Debug|x86.ActiveCfg = Debug|Any CPU
		{DF28CCDA-D44D-4BF9-B149-5CA73777C7C7}.Debug|x86.Build.0 = Debug|Any CPU
		{DF28CCDA-D44D-4BF9-B149-5CA73777C7C7}.Release|Any CPU.ActiveCfg = Release|Any CPU
		{DF28CCDA-D44D-4BF9-B149-5CA73777C7C7}.Release|Any CPU.Build.0 = Release|Any CPU
		{DF28CCDA-D44D-4BF9-B149-5CA73777C7C7}.Release|x64.ActiveCfg = Release|Any CPU
		{DF28CCDA-D44D-4BF9-B149-5CA73777C7C7}.Release|x64.Build.0 = Release|Any CPU
		{DF28CCDA-D44D-4BF9-B149-5CA73777C7C7}.Release|x86.ActiveCfg = Release|Any CPU
		{DF28CCDA-D44D-4BF9-B149-5CA73777C7C7}.Release|x86.Build.0 = Release|Any CPU
		{8DF4F99D-727F-47EA-8486-07980190C699}.Debug|Any CPU.ActiveCfg = Debug|Any CPU
		{8DF4F99D-727F-47EA-8486-07980190C699}.Debug|Any CPU.Build.0 = Debug|Any CPU
		{8DF4F99D-727F-47EA-8486-07980190C699}.Debug|x64.ActiveCfg = Debug|Any CPU
		{8DF4F99D-727F-47EA-8486-07980190C699}.Debug|x64.Build.0 = Debug|Any CPU
		{8DF4F99D-727F-47EA-8486-07980190C699}.Debug|x86.ActiveCfg = Debug|Any CPU
		{8DF4F99D-727F-47EA-8486-07980190C699}.Debug|x86.Build.0 = Debug|Any CPU
		{8DF4F99D-727F-47EA-8486-07980190C699}.Release|Any CPU.ActiveCfg = Release|Any CPU
		{8DF4F99D-727F-47EA-8486-07980190C699}.Release|Any CPU.Build.0 = Release|Any CPU
		{8DF4F99D-727F-47EA-8486-07980190C699}.Release|x64.ActiveCfg = Release|Any CPU
		{8DF4F99D-727F-47EA-8486-07980190C699}.Release|x64.Build.0 = Release|Any CPU
		{8DF4F99D-727F-47EA-8486-07980190C699}.Release|x86.ActiveCfg = Release|Any CPU
		{8DF4F99D-727F-47EA-8486-07980190C699}.Release|x86.Build.0 = Release|Any CPU
		{7E2EED9B-5C67-4E78-BD92-9AF36D85F9FF}.Debug|Any CPU.ActiveCfg = Debug|Any CPU
		{7E2EED9B-5C67-4E78-BD92-9AF36D85F9FF}.Debug|Any CPU.Build.0 = Debug|Any CPU
		{7E2EED9B-5C67-4E78-BD92-9AF36D85F9FF}.Debug|x64.ActiveCfg = Debug|Any CPU
		{7E2EED9B-5C67-4E78-BD92-9AF36D85F9FF}.Debug|x64.Build.0 = Debug|Any CPU
		{7E2EED9B-5C67-4E78-BD92-9AF36D85F9FF}.Debug|x86.ActiveCfg = Debug|Any CPU
		{7E2EED9B-5C67-4E78-BD92-9AF36D85F9FF}.Debug|x86.Build.0 = Debug|Any CPU
		{7E2EED9B-5C67-4E78-BD92-9AF36D85F9FF}.Release|Any CPU.ActiveCfg = Release|Any CPU
		{7E2EED9B-5C67-4E78-BD92-9AF36D85F9FF}.Release|Any CPU.Build.0 = Release|Any CPU
		{7E2EED9B-5C67-4E78-BD92-9AF36D85F9FF}.Release|x64.ActiveCfg = Release|Any CPU
		{7E2EED9B-5C67-4E78-BD92-9AF36D85F9FF}.Release|x64.Build.0 = Release|Any CPU
		{7E2EED9B-5C67-4E78-BD92-9AF36D85F9FF}.Release|x86.ActiveCfg = Release|Any CPU
		{7E2EED9B-5C67-4E78-BD92-9AF36D85F9FF}.Release|x86.Build.0 = Release|Any CPU
	EndGlobalSection
	GlobalSection(SolutionProperties) = preSolution
		HideSolutionNode = FALSE
	EndGlobalSection
	GlobalSection(NestedProjects) = preSolution
		{07C2F85C-4B32-4C47-9C28-1ED0CA21AA9E} = {F3823141-ACB7-41D3-BF4D-46F5DE329C3D}
		{A141B84B-D84B-4E0F-8AB8-F51B07EDFBFF} = {ACB97491-6BA8-4E11-AA78-291AB78E06FE}
		{5F9E2A24-9E11-4B4C-A073-A5CD7083F9C2} = {F3823141-ACB7-41D3-BF4D-46F5DE329C3D}
		{4BCF27B0-0F99-4FBA-A268-B44EE6AE3D5E} = {4231C721-E0C3-45FF-BBBE-59971BC3D029}
		{D9D8036D-C6E3-472A-9CF5-8DC423140662} = {30CFD6BA-6400-4AB7-ABEE-9E7041526981}
		{EB972D9A-808E-4AC2-B1B5-48DE37DEFA09} = {30CFD6BA-6400-4AB7-ABEE-9E7041526981}
		{DF28CCDA-D44D-4BF9-B149-5CA73777C7C7} = {ACB97491-6BA8-4E11-AA78-291AB78E06FE}
		{8DF4F99D-727F-47EA-8486-07980190C699} = {25A45B4B-7D22-42BA-A2AE-FB1D70D10B27}
		{7E2EED9B-5C67-4E78-BD92-9AF36D85F9FF} = {ACB97491-6BA8-4E11-AA78-291AB78E06FE}
	EndGlobalSection
	GlobalSection(ExtensibilityGlobals) = postSolution
		SolutionGuid = {EA9E67DB-24B3-4FBF-B021-81AB1E710C97}
	EndGlobalSection
EndGlobal
